
Microsoft Visual Studio Solution File, Format Version 12.00
# Visual Studio Version 16
VisualStudioVersion = 16.0.30204.135
MinimumVisualStudioVersion = 10.0.40219.1
Project("{FAE04EC0-301F-11D3-BF4B-00C04F79EFBC}") = "GameRuls", "GameRuls\GameRuls.csproj", "{0ADF0059-0D7F-4198-8539-10C05BB02C06}"
EndProject
Global
	GlobalSection(SolutionConfigurationPlatforms) = preSolution
		Debug|Any CPU = Debug|Any CPU
		Release|Any CPU = Release|Any CPU
	EndGlobalSection
	GlobalSection(ProjectConfigurationPlatforms) = postSolution
		{0ADF0059-0D7F-4198-8539-10C05BB02C06}.Debug|Any CPU.ActiveCfg = Debug|Any CPU
		{0ADF0059-0D7F-4198-8539-10C05BB02C06}.Debug|Any CPU.Build.0 = Debug|Any CPU
		{0ADF0059-0D7F-4198-8539-10C05BB02C06}.Release|Any CPU.ActiveCfg = Release|Any CPU
		{0ADF0059-0D7F-4198-8539-10C05BB02C06}.Release|Any CPU.Build.0 = Release|Any CPU
	EndGlobalSection
	GlobalSection(SolutionProperties) = preSolution
		HideSolutionNode = FALSE
	EndGlobalSection
	GlobalSection(ExtensibilityGlobals) = postSolution
		SolutionGuid = {F86DAA0E-EE4D-4245-B9A5-1692DB953A77}
	EndGlobalSection
EndGlobal
